{
  "name": "nodejs",
  "lockfileVersion": 3,
  "requires": true,
  "packages": {
    "": {
      "dependencies": {
        "@aws-crypto/sha256-js": "^5.2.0",
        "@aws-sdk/signature-v4": "^3.370.0"
      }
    },
    "node_modules/@aws-crypto/crc32": {
      "version": "3.0.0",
      "resolved": "https://registry.npmjs.org/@aws-crypto/crc32/-/crc32-3.0.0.tgz",
      "integrity": "sha512-IzSgsrxUcsrejQbPVilIKy16kAT52EwB6zSaI+M3xxIhKh5+aldEyvI+z6erM7TCLB2BJsFrtHjp6/4/sr+3dA==",
      "license": "Apache-2.0",
      "dependencies": {
        "@aws-crypto/util": "^3.0.0",
        "@aws-sdk/types": "^3.222.0",
        "tslib": "^1.11.1"
      }
    },
    "node_modules/@aws-crypto/crc32/node_modules/@aws-crypto/util": {
      "version": "3.0.0",
      "resolved": "https://registry.npmjs.org/@aws-crypto/util/-/util-3.0.0.tgz",
      "integrity": "sha512-2OJlpeJpCR48CC8r+uKVChzs9Iungj9wkZrl8Z041DWEWvyIHILYKCPNzJghKsivj+S3mLo6BVc7mBNzdxA46w==",
      "license": "Apache-2.0",
      "dependencies": {
        "@aws-sdk/types": "^3.222.0",
        "@aws-sdk/util-utf8-browser": "^3.0.0",
        "tslib": "^1.11.1"
      }
    },
    "node_modules/@aws-crypto/crc32/node_modules/tslib": {
      "version": "1.14.1",
      "resolved": "https://registry.npmjs.org/tslib/-/tslib-1.14.1.tgz",
      "integrity": "sha512-Xni35NKzjgMrwevysHTCArtLDpPvye8zV/0E4EyYn43P7/7qvQwPh9BGkHewbMulVntbigmcT7rdX3BNo9wRJg==",
      "license": "0BSD"
    },
    "node_modules/@aws-crypto/sha256-js": {
      "version": "5.2.0",
      "resolved": "https://registry.npmjs.org/@aws-crypto/sha256-js/-/sha256-js-5.2.0.tgz",
      "integrity": "sha512-FFQQyu7edu4ufvIZ+OadFpHHOt+eSTBaYaki44c+akjg7qZg9oOQeLlk77F6tSYqjDAFClrHJk9tMf0HdVyOvA==",
      "license": "Apache-2.0",
      "dependencies": {
        "@aws-crypto/util": "^5.2.0",
        "@aws-sdk/types": "^3.222.0",
        "tslib": "^2.6.2"
      },
      "engines": {
        "node": ">=16.0.0"
      }
    },
    "node_modules/@aws-crypto/util": {
      "version": "5.2.0",
      "resolved": "https://registry.npmjs.org/@aws-crypto/util/-/util-5.2.0.tgz",
      "integrity": "sha512-4RkU9EsI6ZpBve5fseQlGNUWKMa1RLPQ1dnjnQoe07ldfIzcsGb5hC5W0Dm7u423KWzawlrpbjXBrXCEv9zazQ==",
      "license": "Apache-2.0",
      "dependencies": {
        "@aws-sdk/types": "^3.222.0",
        "@smithy/util-utf8": "^2.0.0",
        "tslib": "^2.6.2"
      }
    },
    "node_modules/@aws-sdk/eventstream-codec": {
      "version": "3.370.0",
      "resolved": "https://registry.npmjs.org/@aws-sdk/eventstream-codec/-/eventstream-codec-3.370.0.tgz",
      "integrity": "sha512-PiaDMum7TNsIE3DGECSsNYwibBIPN2/e13BJbTwi6KgVx8BV2mYA3kQkaUDiy++tEpzN81Nh5OPTFVb7bvgYYg==",
      "license": "Apache-2.0",
      "dependencies": {
        "@aws-crypto/crc32": "3.0.0",
        "@aws-sdk/types": "3.370.0",
        "@aws-sdk/util-hex-encoding": "3.310.0",
        "tslib": "^2.5.0"
      }
    },
    "node_modules/@aws-sdk/eventstream-codec/node_modules/@aws-sdk/types": {
      "version": "3.370.0",
      "resolved": "https://registry.npmjs.org/@aws-sdk/types/-/types-3.370.0.tgz",
      "integrity": "sha512-8PGMKklSkRKjunFhzM2y5Jm0H2TBu7YRNISdYzXLUHKSP9zlMEYagseKVdmox0zKHf1LXVNuSlUV2b6SRrieCQ==",
      "license": "Apache-2.0",
      "dependencies": {
        "@smithy/types": "^1.1.0",
        "tslib": "^2.5.0"
      },
      "engines": {
        "node": ">=14.0.0"
      }
    },
    "node_modules/@aws-sdk/eventstream-codec/node_modules/@smithy/types": {
      "version": "1.2.0",
      "resolved": "https://registry.npmjs.org/@smithy/types/-/types-1.2.0.tgz",
      "integrity": "sha512-z1r00TvBqF3dh4aHhya7nz1HhvCg4TRmw51fjMrh5do3h+ngSstt/yKlNbHeb9QxJmFbmN8KEVSWgb1bRvfEoA==",
      "license": "Apache-2.0",
      "dependencies": {
        "tslib": "^2.5.0"
      },
      "engines": {
        "node": ">=14.0.0"
      }
    },
    "node_modules/@aws-sdk/is-array-buffer": {
      "version": "3.310.0",
      "resolved": "https://registry.npmjs.org/@aws-sdk/is-array-buffer/-/is-array-buffer-3.310.0.tgz",
      "integrity": "sha512-urnbcCR+h9NWUnmOtet/s4ghvzsidFmspfhYaHAmSRdy9yDjdjBJMFjjsn85A1ODUktztm+cVncXjQ38WCMjMQ==",
      "license": "Apache-2.0",
      "dependencies": {
        "tslib": "^2.5.0"
      },
      "engines": {
        "node": ">=14.0.0"
      }
    },
    "node_modules/@aws-sdk/signature-v4": {
      "version": "3.370.0",
      "resolved": "https://registry.npmjs.org/@aws-sdk/signature-v4/-/signature-v4-3.370.0.tgz",
      "integrity": "sha512-Mh++NJiXoBxMzz4d8GQPNB37nqjS1gsVwjKoSAWFE67sjgsjb8D5JWRCm9CinqPoXi2iN57+1DcQalTDKQGc0A==",
      "license": "Apache-2.0",
      "dependencies": {
        "@aws-sdk/eventstream-codec": "3.370.0",
        "@aws-sdk/is-array-buffer": "3.310.0",
        "@aws-sdk/types": "3.370.0",
        "@aws-sdk/util-hex-encoding": "3.310.0",
        "@aws-sdk/util-middleware": "3.370.0",
        "@aws-sdk/util-uri-escape": "3.310.0",
        "@aws-sdk/util-utf8": "3.310.0",
        "tslib": "^2.5.0"
      },
      "engines": {
        "node": ">=14.0.0"
      }
    },
    "node_modules/@aws-sdk/signature-v4/node_modules/@aws-sdk/types": {
      "version": "3.370.0",
      "resolved": "https://registry.npmjs.org/@aws-sdk/types/-/types-3.370.0.tgz",
      "integrity": "sha512-8PGMKklSkRKjunFhzM2y5Jm0H2TBu7YRNISdYzXLUHKSP9zlMEYagseKVdmox0zKHf1LXVNuSlUV2b6SRrieCQ==",
      "license": "Apache-2.0",
      "dependencies": {
        "@smithy/types": "^1.1.0",
        "tslib": "^2.5.0"
      },
      "engines": {
        "node": ">=14.0.0"
      }
    },
    "node_modules/@aws-sdk/signature-v4/node_modules/@smithy/types": {
      "version": "1.2.0",
      "resolved": "https://registry.npmjs.org/@smithy/types/-/types-1.2.0.tgz",
      "integrity": "sha512-z1r00TvBqF3dh4aHhya7nz1HhvCg4TRmw51fjMrh5do3h+ngSstt/yKlNbHeb9QxJmFbmN8KEVSWgb1bRvfEoA==",
      "license": "Apache-2.0",
      "dependencies": {
        "tslib": "^2.5.0"
      },
      "engines": {
        "node": ">=14.0.0"
      }
    },
    "node_modules/@aws-sdk/types": {
      "version": "3.714.0",
      "resolved": "https://registry.npmjs.org/@aws-sdk/types/-/types-3.714.0.tgz",
      "integrity": "sha512-ZjpP2gYbSFlxxaUDa1Il5AVvfggvUPbjzzB/l3q0gIE5Thd6xKW+yzEpt2mLZ5s5UaYSABZbF94g8NUOF4CVGA==",
      "license": "Apache-2.0",
      "dependencies": {
        "@smithy/types": "^3.7.2",
        "tslib": "^2.6.2"
      },
      "engines": {
        "node": ">=16.0.0"
      }
    },
    "node_modules/@aws-sdk/util-buffer-from": {
      "version": "3.310.0",
      "resolved": "https://registry.npmjs.org/@aws-sdk/util-buffer-from/-/util-buffer-from-3.310.0.tgz",
      "integrity": "sha512-i6LVeXFtGih5Zs8enLrt+ExXY92QV25jtEnTKHsmlFqFAuL3VBeod6boeMXkN2p9lbSVVQ1sAOOYZOHYbYkntw==",
      "license": "Apache-2.0",
      "dependencies": {
        "@aws-sdk/is-array-buffer": "3.310.0",
        "tslib": "^2.5.0"
      },
      "engines": {
        "node": ">=14.0.0"
      }
    },
    "node_modules/@aws-sdk/util-hex-encoding": {
      "version": "3.310.0",
      "resolved": "https://registry.npmjs.org/@aws-sdk/util-hex-encoding/-/util-hex-encoding-3.310.0.tgz",
      "integrity": "sha512-sVN7mcCCDSJ67pI1ZMtk84SKGqyix6/0A1Ab163YKn+lFBQRMKexleZzpYzNGxYzmQS6VanP/cfU7NiLQOaSfA==",
      "license": "Apache-2.0",
      "dependencies": {
        "tslib": "^2.5.0"
      },
      "engines": {
        "node": ">=14.0.0"
      }
    },
    "node_modules/@aws-sdk/util-middleware": {
      "version": "3.370.0",
      "resolved": "https://registry.npmjs.org/@aws-sdk/util-middleware/-/util-middleware-3.370.0.tgz",
      "integrity": "sha512-Jvs9FZHaQznWGLkRel3PFEP93I1n0Kp6356zxYHk3LIOmjpzoob3R+v96mzyN+dZrnhPdPubYS41qbU2F9lROg==",
      "license": "Apache-2.0",
      "dependencies": {
        "tslib": "^2.5.0"
      },
      "engines": {
        "node": ">=14.0.0"
      }
    },
    "node_modules/@aws-sdk/util-uri-escape": {
      "version": "3.310.0",
      "resolved": "https://registry.npmjs.org/@aws-sdk/util-uri-escape/-/util-uri-escape-3.310.0.tgz",
      "integrity": "sha512-drzt+aB2qo2LgtDoiy/3sVG8w63cgLkqFIa2NFlGpUgHFWTXkqtbgf4L5QdjRGKWhmZsnqkbtL7vkSWEcYDJ4Q==",
      "license": "Apache-2.0",
      "dependencies": {
        "tslib": "^2.5.0"
      },
      "engines": {
        "node": ">=14.0.0"
      }
    },
    "node_modules/@aws-sdk/util-utf8": {
      "version": "3.310.0",
      "resolved": "https://registry.npmjs.org/@aws-sdk/util-utf8/-/util-utf8-3.310.0.tgz",
      "integrity": "sha512-DnLfFT8uCO22uOJc0pt0DsSNau1GTisngBCDw8jQuWT5CqogMJu4b/uXmwEqfj8B3GX6Xsz8zOd6JpRlPftQoA==",
      "license": "Apache-2.0",
      "dependencies": {
        "@aws-sdk/util-buffer-from": "3.310.0",
        "tslib": "^2.5.0"
      },
      "engines": {
        "node": ">=14.0.0"
      }
    },
    "node_modules/@aws-sdk/util-utf8-browser": {
      "version": "3.259.0",
      "resolved": "https://registry.npmjs.org/@aws-sdk/util-utf8-browser/-/util-utf8-browser-3.259.0.tgz",
      "integrity": "sha512-UvFa/vR+e19XookZF8RzFZBrw2EUkQWxiBW0yYQAhvk3C+QVGl0H3ouca8LDBlBfQKXwmW3huo/59H8rwb1wJw==",
      "license": "Apache-2.0",
      "dependencies": {
        "tslib": "^2.3.1"
      }
    },
    "node_modules/@smithy/is-array-buffer": {
      "version": "2.2.0",
      "resolved": "https://registry.npmjs.org/@smithy/is-array-buffer/-/is-array-buffer-2.2.0.tgz",
      "integrity": "sha512-GGP3O9QFD24uGeAXYUjwSTXARoqpZykHadOmA8G5vfJPK0/DC67qa//0qvqrJzL1xc8WQWX7/yc7fwudjPHPhA==",
      "license": "Apache-2.0",
      "dependencies": {
        "tslib": "^2.6.2"
      },
      "engines": {
        "node": ">=14.0.0"
      }
    },
    "node_modules/@smithy/types": {
      "version": "3.7.2",
      "resolved": "https://registry.npmjs.org/@smithy/types/-/types-3.7.2.tgz",
      "integrity": "sha512-bNwBYYmN8Eh9RyjS1p2gW6MIhSO2rl7X9QeLM8iTdcGRP+eDiIWDt66c9IysCc22gefKszZv+ubV9qZc7hdESg==",
      "license": "Apache-2.0",
      "dependencies": {
        "tslib": "^2.6.2"
      },
      "engines": {
        "node": ">=16.0.0"
      }
    },
    "node_modules/@smithy/util-buffer-from": {
      "version": "2.2.0",
      "resolved": "https://registry.npmjs.org/@smithy/util-buffer-from/-/util-buffer-from-2.2.0.tgz",
      "integrity": "sha512-IJdWBbTcMQ6DA0gdNhh/BwrLkDR+ADW5Kr1aZmd4k3DIF6ezMV4R2NIAmT08wQJ3yUK82thHWmC/TnK/wpMMIA==",
      "license": "Apache-2.0",
      "dependencies": {
        "@smithy/is-array-buffer": "^2.2.0",
        "tslib": "^2.6.2"
      },
      "engines": {
        "node": ">=14.0.0"
      }
    },
    "node_modules/@smithy/util-utf8": {
      "version": "2.3.0",
      "resolved": "https://registry.npmjs.org/@smithy/util-utf8/-/util-utf8-2.3.0.tgz",
      "integrity": "sha512-R8Rdn8Hy72KKcebgLiv8jQcQkXoLMOGGv5uI1/k0l+snqkOzQ1R0ChUBCxWMlBsFMekWjq0wRudIweFs7sKT5A==",
      "license": "Apache-2.0",
      "dependencies": {
        "@smithy/util-buffer-from": "^2.2.0",
        "tslib": "^2.6.2"
      },
      "engines": {
        "node": ">=14.0.0"
      }
    },
    "node_modules/tslib": {
      "version": "2.8.1",
      "resolved": "https://registry.npmjs.org/tslib/-/tslib-2.8.1.tgz",
      "integrity": "sha512-oJFu94HQb+KVduSUQL7wnpmqnfmLsOA/nAh6b6EH0wCEoK0/mPeXU6c3wKDV83MkOuHPRHtSXKKU99IBazS/2w==",
      "license": "0BSD"
    }
  }
}
