{
  "name": "nodejs",
  "lockfileVersion": 3,
  "requires": true,
  "packages": {
    "": {
      "dependencies": {
        "aws4": "^1.12.0"
      }
    },
    "node_modules/aws4": {
      "version": "1.12.0",
      "resolved": "https://registry.npmjs.org/aws4/-/aws4-1.12.0.tgz",
      "integrity": "sha512-NmWvPnx0F1SfrQbYwOi7OeaNGokp9XhzNioJ/CSBs8Qa4vxug81mhJEAVZwxXuBmYB5KDRfMq/F3RR0BIU7sWg=="
    }
  }
}
